
Microsoft Visual Studio Solution File, Format Version 12.00
# Visual Studio Version 16
VisualStudioVersion = 16.0.29728.190
MinimumVisualStudioVersion = 10.0.40219.1
Project("{FAE04EC0-301F-11D3-BF4B-00C04F79EFBC}") = "CharacterDataStorage", "CharacterDataStorage\CharacterDataStorage.csproj", "{1EBE9252-EEBB-492F-9A8E-5B2288C0BFD6}"
EndProject
Project("{FAE04EC0-301F-11D3-BF4B-00C04F79EFBC}") = "AdventureUIDesktop", "AdventureUIDesktop\AdventureUIDesktop.csproj", "{9E0F91A0-094E-49D8-ABEB-88DA5AB698D1}"
EndProject
Global
	GlobalSection(SolutionConfigurationPlatforms) = preSolution
		Debug|Any CPU = Debug|Any CPU
		Release|Any CPU = Release|Any CPU
	EndGlobalSection
	GlobalSection(ProjectConfigurationPlatforms) = postSolution
		{1EBE9252-EEBB-492F-9A8E-5B2288C0BFD6}.Debug|Any CPU.ActiveCfg = Debug|Any CPU
		{1EBE9252-EEBB-492F-9A8E-5B2288C0BFD6}.Debug|Any CPU.Build.0 = Debug|Any CPU
		{1EBE9252-EEBB-492F-9A8E-5B2288C0BFD6}.Release|Any CPU.ActiveCfg = Release|Any CPU
		{1EBE9252-EEBB-492F-9A8E-5B2288C0BFD6}.Release|Any CPU.Build.0 = Release|Any CPU
		{9E0F91A0-094E-49D8-ABEB-88DA5AB698D1}.Debug|Any CPU.ActiveCfg = Debug|Any CPU
		{9E0F91A0-094E-49D8-ABEB-88DA5AB698D1}.Debug|Any CPU.Build.0 = Debug|Any CPU
		{9E0F91A0-094E-49D8-ABEB-88DA5AB698D1}.Release|Any CPU.ActiveCfg = Release|Any CPU
		{9E0F91A0-094E-49D8-ABEB-88DA5AB698D1}.Release|Any CPU.Build.0 = Release|Any CPU
	EndGlobalSection
	GlobalSection(SolutionProperties) = preSolution
		HideSolutionNode = FALSE
	EndGlobalSection
	GlobalSection(ExtensibilityGlobals) = postSolution
		SolutionGuid = {DF54EC92-1E19-4289-AB80-26749CA8422B}
	EndGlobalSection
EndGlobal
